schema: '2.0'
stages:
  prepare_data:
    cmd: python scripts/prepare_data.py
    deps:
    - path: data/enriched_spans.csv
      hash: md5
      md5: abc024511575cf06671faf4f5cf135d1
      size: 255046768
    outs:
    - path: data/data_with_anomalies.csv
      hash: md5
      md5: 62a00c8c38bea585b3f74c386fd802ed
      size: 147899351
    - path: data/prepared_data.csv
      hash: md5
      md5: 9334e0ee00dce092a7253c02b99d3ef6
      size: 151853561
  train_model:
    cmd: python scripts/train_model.py
    deps:
    - path: data/prepared_data.csv
      hash: md5
      md5: 9334e0ee00dce092a7253c02b99d3ef6
      size: 151853561
    params:
      params.yaml:
        model_params.max_depth: 23
        model_params.n_estimators: 100
        model_params.n_jobs: -1
        model_params.random_state: 42
    outs:
    - path: model/rf_model.pkl
      hash: md5
      md5: 01ce38b4043cbdcaa3bcbbc1fb374f81
      size: 25781087
  evaluate_model:
    cmd: python scripts/evaluate_model.py
    deps:
    - path: data/prepared_data.csv
      hash: md5
      md5: 9334e0ee00dce092a7253c02b99d3ef6
      size: 151853561
    - path: model/rf_model.pkl
      hash: md5
      md5: 01ce38b4043cbdcaa3bcbbc1fb374f81
      size: 25781087
    outs:
    - path: metrics/accuracy.json
      hash: md5
      md5: 0c7852491c64f13e8a8643f55c61ea35
      size: 32
    - path: metrics/classification_report.json
      hash: md5
      md5: 3c48ce4cb7ee30d9cba7ae7097140281
      size: 540
    - path: metrics/confusion_matrix.json
      hash: md5
      md5: 9784277e55b69dd92b58d9212b116b2f
      size: 30
    - path: metrics/feature_importances.json
      hash: md5
      md5: f38ee1b37c7daaaed1deec9e4a18caec
      size: 780
