schema: '2.0'
stages:
  prepare_data:
    cmd: python scripts/prepare_data.py
    deps:
    - path: data/enriched_spans.csv
      hash: md5
      md5: abc024511575cf06671faf4f5cf135d1
      size: 255046768
    outs:
    - path: data/data_with_anomalies.csv
      hash: md5
      md5: 62a00c8c38bea585b3f74c386fd802ed
      size: 147899351
    - path: data/prepared_data.csv
      hash: md5
      md5: 9334e0ee00dce092a7253c02b99d3ef6
      size: 151853561
  train_model:
    cmd: python scripts/train_model.py
    deps:
    - path: data/prepared_data.csv
      hash: md5
      md5: 9334e0ee00dce092a7253c02b99d3ef6
      size: 151853561
    params:
      params.yaml:
        model_params.max_depth: 5
        model_params.n_estimators: 100
        model_params.n_jobs: -1
        model_params.random_state: 42
    outs:
    - path: model/rf_model.pkl
      hash: md5
      md5: 3d29fdc0d575a4405fa392f12f6e499b
      size: 239000
  evaluate_model:
    cmd: python scripts/evaluate_model.py
    deps:
    - path: data/prepared_data.csv
      hash: md5
      md5: 9334e0ee00dce092a7253c02b99d3ef6
      size: 151853561
    - path: model/rf_model.pkl
      hash: md5
      md5: 3d29fdc0d575a4405fa392f12f6e499b
      size: 239000
    outs:
    - path: metrics/accuracy.json
      hash: md5
      md5: d89eacd090e52616211e838ef7527e6e
      size: 32
    - path: metrics/classification_report.json
      hash: md5
      md5: e6b8b0def3060ba12d9ec6de1ae3b2c4
      size: 541
    - path: metrics/confusion_matrix.json
      hash: md5
      md5: 55afc0a36bcfa929173443c61ded6c7a
      size: 29
    - path: metrics/feature_importances.csv
      hash: md5
      md5: 189aaf3fb6d727cab4d2b5cfefa6bb8d
      size: 690
